Microsoft Visual Studio Solution File, Format Version 12.00
# Visual Studio 15
VisualStudioVersion = 15.0.26730.3
MinimumVisualStudioVersion = 10.0.40219.1
Project("{9A19103F-16F7-4668-BE54-9A1E7A4F7556}") = "OTL.Api.Test.Startup", "Source\OTL.Api.Test.Startup\OTL.Api.Test.Startup.csproj", "{AAEFC474-5A44-4317-8E1A-2A9BAF551C0B}"
EndProject
Project("{9A19103F-16F7-4668-BE54-9A1E7A4F7556}") = "OTL.Api.Test.Controllers", "Source\OTL.Api.Test.Controllers\OTL.Api.Test.Controllers.csproj", "{310EC7EE-350B-4443-816A-51D35EA3583C}"
EndProject
Global
	GlobalSection(SolutionConfigurationPlatforms) = preSolution
		Debug|Any CPU = Debug|Any CPU
		Release|Any CPU = Release|Any CPU
	EndGlobalSection
	GlobalSection(ProjectConfigurationPlatforms) = postSolution
		{AAEFC474-5A44-4317-8E1A-2A9BAF551C0B}.Debug|Any CPU.ActiveCfg = Debug|Any CPU
		{AAEFC474-5A44-4317-8E1A-2A9BAF551C0B}.Debug|Any CPU.Build.0 = Debug|Any CPU
		{AAEFC474-5A44-4317-8E1A-2A9BAF551C0B}.Release|Any CPU.ActiveCfg = Release|Any CPU
		{AAEFC474-5A44-4317-8E1A-2A9BAF551C0B}.Release|Any CPU.Build.0 = Release|Any CPU
		{310EC7EE-350B-4443-816A-51D35EA3583C}.Debug|Any CPU.ActiveCfg = Debug|Any CPU
		{310EC7EE-350B-4443-816A-51D35EA3583C}.Debug|Any CPU.Build.0 = Debug|Any CPU
		{310EC7EE-350B-4443-816A-51D35EA3583C}.Release|Any CPU.ActiveCfg = Release|Any CPU
		{310EC7EE-350B-4443-816A-51D35EA3583C}.Release|Any CPU.Build.0 = Release|Any CPU
	EndGlobalSection
	GlobalSection(SolutionProperties) = preSolution
		HideSolutionNode = FALSE
	EndGlobalSection
	GlobalSection(ExtensibilityGlobals) = postSolution
		SolutionGuid = {9BB3D16F-A5A8-483A-9884-A2C96F165E81}
	EndGlobalSection
EndGlobal
